// !$*UTF8*$!
{
	archiveVersion = 1;
	classes = {
	};
	objectVersion = 56;
	objects = {

/* Begin PBXBuildFile section */
		A00100010000000000000001 /* TuningAppApp.swift in Sources */ = {isa = PBXBuildFile; fileRef = A00100020000000000000001 /* TuningAppApp.swift */; };
		A00100010000000000000002 /* ContentView.swift in Sources */ = {isa = PBXBuildFile; fileRef = A00100020000000000000002 /* ContentView.swift */; };
		A00100010000000000000003 /* PitchDetector.swift in Sources */ = {isa = PBXBuildFile; fileRef = A00100020000000000000003 /* PitchDetector.swift */; };
		A00100010000000000000004 /* ToneGenerator.swift in Sources */ = {isa = PBXBuildFile; fileRef = A00100020000000000000006 /* ToneGenerator.swift */; };
/* End PBXBuildFile section */

/* Begin PBXFileReference section */
		A00100020000000000000001 /* TuningAppApp.swift */ = {isa = PBXFileReference; lastKnownFileType = sourcecode.swift; path = TuningAppApp.swift; sourceTree = "<group>"; };
		A00100020000000000000002 /* ContentView.swift */ = {isa = PBXFileReference; lastKnownFileType = sourcecode.swift; path = ContentView.swift; sourceTree = "<group>"; };
		A00100020000000000000003 /* PitchDetector.swift */ = {isa = PBXFileReference; lastKnownFileType = sourcecode.swift; path = PitchDetector.swift; sourceTree = "<group>"; };
		A00100020000000000000004 /* Info.plist */ = {isa = PBXFileReference; lastKnownFileType = text.plist.xml; path = Info.plist; sourceTree = "<group>"; };
		A00100020000000000000005 /* TuningApp.app */ = {isa = PBXFileReference; explicitFileType = wrapper.application; includeInIndex = 0; path = TuningApp.app; sourceTree = BUILT_PRODUCTS_DIR; };
		A00100020000000000000006 /* ToneGenerator.swift */ = {isa = PBXFileReference; lastKnownFileType = sourcecode.swift; path = ToneGenerator.swift; sourceTree = "<group>"; };
/* End PBXFileReference section */

/* Begin PBXFrameworksBuildPhase section */
		A00100030000000000000001 /* Frameworks */ = {
			isa = PBXFrameworksBuildPhase;
			buildActionMask = 2147483647;
			files = (
			);
			runOnlyForDeploymentPostprocessing = 0;
		};
/* End PBXFrameworksBuildPhase section */

/* Begin PBXGroup section */
		A00100040000000000000001 = {
			isa = PBXGroup;
			children = (
				A00100040000000000000002 /* TuningApp */,
				A00100040000000000000003 /* Products */,
			);
			sourceTree = "<group>";
		};
		A00100040000000000000002 /* TuningApp */ = {
			isa = PBXGroup;
			children = (
				A00100020000000000000001 /* TuningAppApp.swift */,
				A00100020000000000000002 /* ContentView.swift */,
				A00100020000000000000003 /* PitchDetector.swift */,
				A00100020000000000000006 /* ToneGenerator.swift */,
				A00100020000000000000004 /* Info.plist */,
			);
			path = TuningApp;
			sourceTree = "<group>";
		};
		A00100040000000000000003 /* Products */ = {
			isa = PBXGroup;
			children = (
				A00100020000000000000005 /* TuningApp.app */,
			);
			name = Products;
			sourceTree = "<group>";
		};
/* End PBXGroup section */

/* Begin PBXNativeTarget section */
		A00100050000000000000001 /* TuningApp */ = {
			isa = PBXNativeTarget;
			buildConfigurationList = A00100080000000000000001 /* Build configuration list for PBXNativeTarget "TuningApp" */;
			buildPhases = (
				A00100060000000000000001 /* Sources */,
				A00100030000000000000001 /* Frameworks */,
				A00100070000000000000001 /* Resources */,
			);
			buildRules = (
			);
			dependencies = (
			);
			name = TuningApp;
			productName = TuningApp;
			productReference = A00100020000000000000005 /* TuningApp.app */;
			productType = "com.apple.product-type.application";
		};
/* End PBXNativeTarget section */

/* Begin PBXProject section */
		A00100090000000000000001 /* Project object */ = {
			isa = PBXProject;
			attributes = {
				BuildIndependentTargetsInParallel = 1;
				LastSwiftUpdateCheck = 1600;
				LastUpgradeCheck = 1600;
				TargetAttributes = {
					A00100050000000000000001 = {
						CreatedOnToolsVersion = 16.0;
					};
				};
			};
			buildConfigurationList = A00100080000000000000002 /* Build configuration list for PBXProject "TuningApp" */;
			compatibilityVersion = "Xcode 14.0";
			developmentRegion = en;
			hasScannedForEncodings = 0;
			knownRegions = (
				en,
				Base,
			);
			mainGroup = A00100040000000000000001;
			productRefGroup = A00100040000000000000003 /* Products */;
			projectDirPath = "";
			projectRoot = "";
			targets = (
				A00100050000000000000001 /* TuningApp */,
			);
		};
/* End PBXProject section */

/* Begin PBXResourcesBuildPhase section */
		A00100070000000000000001 /* Resources */ = {
			isa = PBXResourcesBuildPhase;
			buildActionMask = 2147483647;
			files = (
			);
			runOnlyForDeploymentPostprocessing = 0;
		};
/* End PBXResourcesBuildPhase section */

/* Begin PBXSourcesBuildPhase section */
		A00100060000000000000001 /* Sources */ = {
			isa = PBXSourcesBuildPhase;
			buildActionMask = 2147483647;
			files = (
				A00100010000000000000001 /* TuningAppApp.swift in Sources */,
				A00100010000000000000002 /* ContentView.swift in Sources */,
				A00100010000000000000003 /* PitchDetector.swift in Sources */,
				A00100010000000000000004 /* ToneGenerator.swift in Sources */,
			);
			runOnlyForDeploymentPostprocessing = 0;
		};
/* End PBXSourcesBuildPhase section */

/* Begin XCBuildConfiguration section */
		A00100100000000000000001 /* Debug */ = {
			isa = XCBuildConfiguration;
			buildSettings = {
				ALWAYS_SEARCH_USER_PATHS = NO;
				ASSETCATALOG_COMPILER_APPICON_NAME = AppIcon;
				CLANG_ENABLE_MODULES = YES;
				CLANG_ENABLE_OBJC_ARC = YES;
				CODE_SIGN_STYLE = Automatic;
				CURRENT_PROJECT_VERSION = 1;
				DEBUG_INFORMATION_FORMAT = dwarf;
				DEVELOPMENT_TEAM = U59K5SJV53;
				GENERATE_INFOPLIST_FILE = NO;
				INFOPLIST_FILE = TuningApp/Info.plist;
				IPHONEOS_DEPLOYMENT_TARGET = 17.0;
				LD_RUNPATH_SEARCH_PATHS = (
					"$(inherited)",
					"@executable_path/Frameworks",
				);
				MARKETING_VERSION = 1.0;
				PRODUCT_BUNDLE_IDENTIFIER = com.example.TuningApp;
				PRODUCT_NAME = "$(TARGET_NAME)";
				SDKROOT = iphoneos;
				SWIFT_VERSION = 5.0;
				TARGETED_DEVICE_FAMILY = "1,2";
			};
			name = Debug;
		};
		A00100100000000000000002 /* Release */ = {
			isa = XCBuildConfiguration;
			buildSettings = {
				ALWAYS_SEARCH_USER_PATHS = NO;
				ASSETCATALOG_COMPILER_APPICON_NAME = AppIcon;
				CLANG_ENABLE_MODULES = YES;
				CLANG_ENABLE_OBJC_ARC = YES;
				CODE_SIGN_STYLE = Automatic;
				CURRENT_PROJECT_VERSION = 1;
				DEBUG_INFORMATION_FORMAT = "dwarf-with-dsym";
				DEVELOPMENT_TEAM = U59K5SJV53;
				GENERATE_INFOPLIST_FILE = NO;
				INFOPLIST_FILE = TuningApp/Info.plist;
				IPHONEOS_DEPLOYMENT_TARGET = 17.0;
				LD_RUNPATH_SEARCH_PATHS = (
					"$(inherited)",
					"@executable_path/Frameworks",
				);
				MARKETING_VERSION = 1.0;
				PRODUCT_BUNDLE_IDENTIFIER = com.example.TuningApp;
				PRODUCT_NAME = "$(TARGET_NAME)";
				SDKROOT = iphoneos;
				SWIFT_COMPILATION_MODE = wholemodule;
				SWIFT_VERSION = 5.0;
				TARGETED_DEVICE_FAMILY = "1,2";
				VALIDATE_PRODUCT = YES;
			};
			name = Release;
		};
		A00100100000000000000003 /* Debug */ = {
			isa = XCBuildConfiguration;
			buildSettings = {
				CLANG_WARN_QUOTED_INCLUDE_IN_FRAMEWORK_HEADER = YES;
				GCC_C_LANGUAGE_STANDARD = gnu17;
				IPHONEOS_DEPLOYMENT_TARGET = 17.0;
				SDKROOT = iphoneos;
				SWIFT_VERSION = 5.0;
			};
			name = Debug;
		};
		A00100100000000000000004 /* Release */ = {
			isa = XCBuildConfiguration;
			buildSettings = {
				CLANG_WARN_QUOTED_INCLUDE_IN_FRAMEWORK_HEADER = YES;
				GCC_C_LANGUAGE_STANDARD = gnu17;
				IPHONEOS_DEPLOYMENT_TARGET = 17.0;
				SDKROOT = iphoneos;
				SWIFT_VERSION = 5.0;
			};
			name = Release;
		};
/* End XCBuildConfiguration section */

/* Begin XCConfigurationList section */
		A00100080000000000000001 /* Build configuration list for PBXNativeTarget "TuningApp" */ = {
			isa = XCConfigurationList;
			buildConfigurations = (
				A00100100000000000000001 /* Debug */,
				A00100100000000000000002 /* Release */,
			);
			defaultConfigurationIsVisible = 0;
			defaultConfigurationName = Release;
		};
		A00100080000000000000002 /* Build configuration list for PBXProject "TuningApp" */ = {
			isa = XCConfigurationList;
			buildConfigurations = (
				A00100100000000000000003 /* Debug */,
				A00100100000000000000004 /* Release */,
			);
			defaultConfigurationIsVisible = 0;
			defaultConfigurationName = Release;
		};
/* End XCConfigurationList section */
	};
	rootObject = A00100090000000000000001 /* Project object */;
}
